# This file is automatically @generated by Cargo.
# It is not intended for manual editing.
version = 4

[[package]]
name = "stm32f4"
version = "0.1.0"
dependencies = [
 "toolkit",
 "toolkit-unsafe",
]

[[package]]
name = "toolkit"
version = "0.0.3"
dependencies = [
 "toolkit-unsafe",
]

[[package]]
name = "toolkit-unsafe"
version = "0.0.2"
